
Microsoft Visual Studio Solution File, Format Version 12.00
Project("{FAE04EC0-301F-11D3-BF4B-00C04F79EFBC}") = "Lsf", "Lsf\Lsf.csproj", "{44BD1055-9270-44C1-A86C-C1D73EC59408}"
EndProject
Project("{FAE04EC0-301F-11D3-BF4B-00C04F79EFBC}") = "Lsf.Test", "Lsf.Test\Lsf.Test.csproj", "{EFB737B7-E9EE-49F0-890B-9422769989F4}"
EndProject
Global
	GlobalSection(SolutionConfigurationPlatforms) = preSolution
		Debug|Any CPU = Debug|Any CPU
		Release|Any CPU = Release|Any CPU
	EndGlobalSection
	GlobalSection(ProjectConfigurationPlatforms) = postSolution
		{44BD1055-9270-44C1-A86C-C1D73EC59408}.Debug|Any CPU.ActiveCfg = Debug|Any CPU
		{44BD1055-9270-44C1-A86C-C1D73EC59408}.Debug|Any CPU.Build.0 = Debug|Any CPU
		{44BD1055-9270-44C1-A86C-C1D73EC59408}.Release|Any CPU.ActiveCfg = Release|Any CPU
		{44BD1055-9270-44C1-A86C-C1D73EC59408}.Release|Any CPU.Build.0 = Release|Any CPU
		{EFB737B7-E9EE-49F0-890B-9422769989F4}.Debug|Any CPU.ActiveCfg = Debug|Any CPU
		{EFB737B7-E9EE-49F0-890B-9422769989F4}.Debug|Any CPU.Build.0 = Debug|Any CPU
		{EFB737B7-E9EE-49F0-890B-9422769989F4}.Release|Any CPU.ActiveCfg = Release|Any CPU
		{EFB737B7-E9EE-49F0-890B-9422769989F4}.Release|Any CPU.Build.0 = Release|Any CPU
	EndGlobalSection
EndGlobal
